<?xml version="1.0" encoding="utf-8"?>
<Project ToolsVersion="4.0" xmlns="http://schemas.microsoft.com/developer/msbuild/2003">
  <ItemGroup>
    <Filter Include="default">
      <UniqueIdentifier>{0b71673a-8161-4f96-b0a9-ef3f0f7905b9}</UniqueIdentifier>
    </Filter>
    <Filter Include="ClientPacket">
      <UniqueIdentifier>{1594e21d-c5dc-4bef-bd07-daeda7c1f692}</UniqueIdentifier>
    </Filter>
  </ItemGroup>
  <ItemGroup>
    <ClInclude Include="Common.h">
      <Filter>default</Filter>
    </ClInclude>
    <ClInclude Include="EHClientPacket.h">
      <Filter>ClientPacket</Filter>
    </ClInclude>
  </ItemGroup>
  <ItemGroup>
    <ClCompile Include="GameServer.cpp">
      <Filter>default</Filter>
    </ClCompile>
    <ClCompile Include="EHClientPacket.cpp">
      <Filter>ClientPacket</Filter>
    </ClCompile>
  </ItemGroup>
</Project>