<?xml version="1.0" encoding="utf-8"?>
<Project ToolsVersion="4.0" xmlns="http://schemas.microsoft.com/developer/msbuild/2003">
  <ItemGroup>
    <Filter Include="default">
      <UniqueIdentifier>{dad45784-c0c0-4e6f-ab9d-c5539b06e78e}</UniqueIdentifier>
    </Filter>
    <Filter Include="Engine">
      <UniqueIdentifier>{449e7dbe-f65c-4078-8196-75b77c553baa}</UniqueIdentifier>
    </Filter>
    <Filter Include="Header">
      <UniqueIdentifier>{f3194b44-7bd6-475a-b713-e90d1d33f6bc}</UniqueIdentifier>
    </Filter>
    <Filter Include="GameObject">
      <UniqueIdentifier>{531c81b0-1af1-4719-84ba-11cf7e43abb8}</UniqueIdentifier>
    </Filter>
    <Filter Include="Manager">
      <UniqueIdentifier>{0abce50f-dd29-4ea8-a1c9-de30245be0f1}</UniqueIdentifier>
    </Filter>
    <Filter Include="Manager\TimeMgr">
      <UniqueIdentifier>{ea689be4-3914-417a-8da3-652663eed104}</UniqueIdentifier>
    </Filter>
    <Filter Include="Manager\InputMgr">
      <UniqueIdentifier>{1f71b8cf-667c-44ae-8cc6-5e0833e6b6b4}</UniqueIdentifier>
    </Filter>
    <Filter Include="Manager\NetworkMgr">
      <UniqueIdentifier>{108811f6-3e17-4b1e-aa9c-1ae1fc90cf8e}</UniqueIdentifier>
    </Filter>
  </ItemGroup>
  <ItemGroup>
    <ClCompile Include="Client.cpp">
      <Filter>default</Filter>
    </ClCompile>
    <ClCompile Include="main.cpp">
      <Filter>default</Filter>
    </ClCompile>
    <ClCompile Include="EHEngine.cpp">
      <Filter>Engine</Filter>
    </ClCompile>
    <ClCompile Include="EHGameObject.cpp">
      <Filter>GameObject</Filter>
    </ClCompile>
    <ClCompile Include="EHInputMgr.cpp">
      <Filter>Manager\InputMgr</Filter>
    </ClCompile>
    <ClCompile Include="EHTimeMgr.cpp">
      <Filter>Manager\TimeMgr</Filter>
    </ClCompile>
    <ClCompile Include="pch.cpp">
      <Filter>Header</Filter>
    </ClCompile>
    <ClCompile Include="EHNetWorkMgr.cpp">
      <Filter>Manager\NetworkMgr</Filter>
    </ClCompile>
  </ItemGroup>
  <ItemGroup>
    <ClInclude Include="EHEngine.h">
      <Filter>Engine</Filter>
    </ClInclude>
    <ClInclude Include="Common.h">
      <Filter>Header</Filter>
    </ClInclude>
    <ClInclude Include="struct.h">
      <Filter>Header</Filter>
    </ClInclude>
    <ClInclude Include="EHGameObject.h">
      <Filter>GameObject</Filter>
    </ClInclude>
    <ClInclude Include="EHInputMgr.h">
      <Filter>Manager\InputMgr</Filter>
    </ClInclude>
    <ClInclude Include="EHTimeMgr.h">
      <Filter>Manager\TimeMgr</Filter>
    </ClInclude>
    <ClInclude Include="singleton.h">
      <Filter>Header</Filter>
    </ClInclude>
    <ClInclude Include="define.h">
      <Filter>Header</Filter>
    </ClInclude>
    <ClInclude Include="pch.h">
      <Filter>Header</Filter>
    </ClInclude>
    <ClInclude Include="EHNetWorkMgr.h">
      <Filter>Manager\NetworkMgr</Filter>
    </ClInclude>
  </ItemGroup>
</Project>